
Microsoft Visual Studio Solution File, Format Version 12.00
# Visual Studio Version 17
VisualStudioVersion = 17.7.34031.279
MinimumVisualStudioVersion = 10.0.40219.1
Project("{FAE04EC0-301F-11D3-BF4B-00C04F79EFBC}") = "DAM", "DAM\DAM.csproj", "{11A2D6F7-C1DF-4F48-B75A-4311F98012BC}"
EndProject
Global
	GlobalSection(SolutionConfigurationPlatforms) = preSolution
		Debug|Any CPU = Debug|Any CPU
		Release|Any CPU = Release|Any CPU
	EndGlobalSection
	GlobalSection(ProjectConfigurationPlatforms) = postSolution
		{11A2D6F7-C1DF-4F48-B75A-4311F98012BC}.Debug|Any CPU.ActiveCfg = Debug|Any CPU
		{11A2D6F7-C1DF-4F48-B75A-4311F98012BC}.Debug|Any CPU.Build.0 = Debug|Any CPU
		{11A2D6F7-C1DF-4F48-B75A-4311F98012BC}.Release|Any CPU.ActiveCfg = Release|Any CPU
		{11A2D6F7-C1DF-4F48-B75A-4311F98012BC}.Release|Any CPU.Build.0 = Release|Any CPU
	EndGlobalSection
	GlobalSection(SolutionProperties) = preSolution
		HideSolutionNode = FALSE
	EndGlobalSection
	GlobalSection(ExtensibilityGlobals) = postSolution
		SolutionGuid = {C761319D-DCBF-42D9-8963-6D073143E4F1}
	EndGlobalSection
EndGlobal
